
Microsoft Visual Studio Solution File, Format Version 12.00
# Visual Studio Version 16
VisualStudioVersion = 16.0.29709.97
MinimumVisualStudioVersion = 10.0.40219.1
Project("{9A19103F-16F7-4668-BE54-9A1E7A4F7556}") = "WorkRecordPlugin", "WorkRecordPlugin\WorkRecordPlugin.csproj", "{FE90DA14-C110-4B19-A4D3-145D29FEDA16}"
EndProject
Project("{9A19103F-16F7-4668-BE54-9A1E7A4F7556}") = "ADAPT.DTOs", "..\ADAPT.DTOs\ADAPT.DTOs\ADAPT.DTOs\ADAPT.DTOs.csproj", "{6527EBA2-D412-4F20-93B2-F01DADCF1A3E}"
EndProject
Project("{FAE04EC0-301F-11D3-BF4B-00C04F79EFBC}") = "WpfAppImportGPX", "WpfAppImportGPX\WpfAppImportGPX.csproj", "{E2882E69-A449-4D58-ABE0-1251EA1C94E0}"
EndProject
Global
	GlobalSection(SolutionConfigurationPlatforms) = preSolution
		Debug|Any CPU = Debug|Any CPU
		Release|Any CPU = Release|Any CPU
	EndGlobalSection
	GlobalSection(ProjectConfigurationPlatforms) = postSolution
		{FE90DA14-C110-4B19-A4D3-145D29FEDA16}.Debug|Any CPU.ActiveCfg = Debug|Any CPU
		{FE90DA14-C110-4B19-A4D3-145D29FEDA16}.Debug|Any CPU.Build.0 = Debug|Any CPU
		{FE90DA14-C110-4B19-A4D3-145D29FEDA16}.Release|Any CPU.ActiveCfg = Release|Any CPU
		{FE90DA14-C110-4B19-A4D3-145D29FEDA16}.Release|Any CPU.Build.0 = Release|Any CPU
		{6527EBA2-D412-4F20-93B2-F01DADCF1A3E}.Debug|Any CPU.ActiveCfg = Debug|Any CPU
		{6527EBA2-D412-4F20-93B2-F01DADCF1A3E}.Debug|Any CPU.Build.0 = Debug|Any CPU
		{6527EBA2-D412-4F20-93B2-F01DADCF1A3E}.Release|Any CPU.ActiveCfg = Release|Any CPU
		{6527EBA2-D412-4F20-93B2-F01DADCF1A3E}.Release|Any CPU.Build.0 = Release|Any CPU
		{E2882E69-A449-4D58-ABE0-1251EA1C94E0}.Debug|Any CPU.ActiveCfg = Debug|Any CPU
		{E2882E69-A449-4D58-ABE0-1251EA1C94E0}.Debug|Any CPU.Build.0 = Debug|Any CPU
		{E2882E69-A449-4D58-ABE0-1251EA1C94E0}.Release|Any CPU.ActiveCfg = Release|Any CPU
		{E2882E69-A449-4D58-ABE0-1251EA1C94E0}.Release|Any CPU.Build.0 = Release|Any CPU
	EndGlobalSection
	GlobalSection(SolutionProperties) = preSolution
		HideSolutionNode = FALSE
	EndGlobalSection
	GlobalSection(ExtensibilityGlobals) = postSolution
		SolutionGuid = {5DFEDF01-A851-447E-8914-E0F6EA21270A}
	EndGlobalSection
EndGlobal
